
Microsoft Visual Studio Solution File, Format Version 12.00
# Visual Studio Version 17
VisualStudioVersion = 17.14.36327.8 d17.14
MinimumVisualStudioVersion = 10.0.40219.1
Project("{FAE04EC0-301F-11D3-BF4B-00C04F79EFBC}") = "Leitr De Arquivo Com Relatorio", "Leitr De Arquivo Com Relatorio\Leitr De Arquivo Com Relatorio.csproj", "{623FEC22-F321-406E-8D8C-62C3C1099879}"
EndProject
Global
	GlobalSection(SolutionConfigurationPlatforms) = preSolution
		Debug|Any CPU = Debug|Any CPU
		Release|Any CPU = Release|Any CPU
	EndGlobalSection
	GlobalSection(ProjectConfigurationPlatforms) = postSolution
		{623FEC22-F321-406E-8D8C-62C3C1099879}.Debug|Any CPU.ActiveCfg = Debug|Any CPU
		{623FEC22-F321-406E-8D8C-62C3C1099879}.Debug|Any CPU.Build.0 = Debug|Any CPU
		{623FEC22-F321-406E-8D8C-62C3C1099879}.Release|Any CPU.ActiveCfg = Release|Any CPU
		{623FEC22-F321-406E-8D8C-62C3C1099879}.Release|Any CPU.Build.0 = Release|Any CPU
	EndGlobalSection
	GlobalSection(SolutionProperties) = preSolution
		HideSolutionNode = FALSE
	EndGlobalSection
	GlobalSection(ExtensibilityGlobals) = postSolution
		SolutionGuid = {755ECFBC-4E79-42DE-85DD-576862E83613}
	EndGlobalSection
EndGlobal
